{
  "name": "translations",
  "lockfileVersion": 3,
  "requires": true,
  "packages": {
    "": {
      "dependencies": {
        "translate": "^3.0.1"
      }
    },
    "node_modules/translate": {
      "version": "3.0.1",
      "resolved": "https://registry.npmjs.org/translate/-/translate-3.0.1.tgz",
      "integrity": "sha512-ZePIRh2uuN7ofL6V2KfRh71525pwPCC8CtoWJg29tQcr3vhGTFXzz2nYG+rmRxlZ5PCcMza/GDXqxLFx5omVpQ==",
      "license": "MIT",
      "funding": {
        "url": "https://www.paypal.me/franciscopresencia/19"
      }
    }
  }
}
